
Microsoft Visual Studio Solution File, Format Version 12.00
# Visual Studio Version 16
VisualStudioVersion = 16.0.29230.47
MinimumVisualStudioVersion = 10.0.40219.1
Project("{FAE04EC0-301F-11D3-BF4B-00C04F79EFBC}") = "AlgorithmsAndDataStructures", "AlgorithmsAndDataStructures.csproj", "{6373542D-2BEF-4DFC-B138-11DCAFEEFFBE}"
EndProject
Global
	GlobalSection(SolutionConfigurationPlatforms) = preSolution
		Debug|Any CPU = Debug|Any CPU
		Release|Any CPU = Release|Any CPU
	EndGlobalSection
	GlobalSection(ProjectConfigurationPlatforms) = postSolution
		{6373542D-2BEF-4DFC-B138-11DCAFEEFFBE}.Debug|Any CPU.ActiveCfg = Debug|Any CPU
		{6373542D-2BEF-4DFC-B138-11DCAFEEFFBE}.Debug|Any CPU.Build.0 = Debug|Any CPU
		{6373542D-2BEF-4DFC-B138-11DCAFEEFFBE}.Release|Any CPU.ActiveCfg = Release|Any CPU
		{6373542D-2BEF-4DFC-B138-11DCAFEEFFBE}.Release|Any CPU.Build.0 = Release|Any CPU
	EndGlobalSection
	GlobalSection(SolutionProperties) = preSolution
		HideSolutionNode = FALSE
	EndGlobalSection
	GlobalSection(ExtensibilityGlobals) = postSolution
		SolutionGuid = {729306E4-445E-44AF-81A6-18616EA7C609}
	EndGlobalSection
EndGlobal
